// !$*UTF8*$!
{
	archiveVersion = 1;
	classes = {
	};
	objectVersion = 46;
	objects = {

/* Begin PBXBuildFile section */
		22B290641E4C9EB300CAB887 /* AppDelegate.swift in Sources */ = {isa = PBXBuildFile; fileRef = 22B290631E4C9EB300CAB887 /* AppDelegate.swift */; };
		22B290661E4C9EB300CAB887 /* ViewController.swift in Sources */ = {isa = PBXBuildFile; fileRef = 22B290651E4C9EB300CAB887 /* ViewController.swift */; };
		22B290691E4C9EB300CAB887 /* Main.storyboard in Resources */ = {isa = PBXBuildFile; fileRef = 22B290671E4C9EB300CAB887 /* Main.storyboard */; };
		22B2906B1E4C9EB300CAB887 /* Assets.xcassets in Resources */ = {isa = PBXBuildFile; fileRef = 22B2906A1E4C9EB300CAB887 /* Assets.xcassets */; };
		22B2906E1E4C9EB300CAB887 /* LaunchScreen.storyboard in Resources */ = {isa = PBXBuildFile; fileRef = 22B2906C1E4C9EB300CAB887 /* LaunchScreen.storyboard */; };
		22C3C67F1E63422300DDBD67 /* GCDAsyncUdpSocket.m in Sources */ = {isa = PBXBuildFile; fileRef = 22C3C67B1E63422300DDBD67 /* GCDAsyncUdpSocket.m */; };
		22C3C6801E63422300DDBD67 /* SCClient.swift in Sources */ = {isa = PBXBuildFile; fileRef = 22C3C67C1E63422300DDBD67 /* SCClient.swift */; };
		22C3C6811E63422300DDBD67 /* SCMessage.swift in Sources */ = {isa = PBXBuildFile; fileRef = 22C3C67D1E63422300DDBD67 /* SCMessage.swift */; };
		22C3C6821E63422300DDBD67 /* SCServer.swift in Sources */ = {isa = PBXBuildFile; fileRef = 22C3C67E1E63422300DDBD67 /* SCServer.swift */; };
/* End PBXBuildFile section */

/* Begin PBXFileReference section */
		22B290601E4C9EB300CAB887 /* LedControl.app */ = {isa = PBXFileReference; explicitFileType = wrapper.application; includeInIndex = 0; path = LedControl.app; sourceTree = BUILT_PRODUCTS_DIR; };
		22B290631E4C9EB300CAB887 /* AppDelegate.swift */ = {isa = PBXFileReference; lastKnownFileType = sourcecode.swift; path = AppDelegate.swift; sourceTree = "<group>"; };
		22B290651E4C9EB300CAB887 /* ViewController.swift */ = {isa = PBXFileReference; lastKnownFileType = sourcecode.swift; path = ViewController.swift; sourceTree = "<group>"; };
		22B290681E4C9EB300CAB887 /* Base */ = {isa = PBXFileReference; lastKnownFileType = file.storyboard; name = Base; path = Base.lproj/Main.storyboard; sourceTree = "<group>"; };
		22B2906A1E4C9EB300CAB887 /* Assets.xcassets */ = {isa = PBXFileReference; lastKnownFileType = folder.assetcatalog; path = Assets.xcassets; sourceTree = "<group>"; };
		22B2906D1E4C9EB300CAB887 /* Base */ = {isa = PBXFileReference; lastKnownFileType = file.storyboard; name = Base; path = Base.lproj/LaunchScreen.storyboard; sourceTree = "<group>"; };
		22B2906F1E4C9EB300CAB887 /* Info.plist */ = {isa = PBXFileReference; lastKnownFileType = text.plist.xml; path = Info.plist; sourceTree = "<group>"; };
		22C3C67A1E63422300DDBD67 /* GCDAsyncUdpSocket.h */ = {isa = PBXFileReference; fileEncoding = 4; lastKnownFileType = sourcecode.c.h; path = GCDAsyncUdpSocket.h; sourceTree = "<group>"; };
		22C3C67B1E63422300DDBD67 /* GCDAsyncUdpSocket.m */ = {isa = PBXFileReference; fileEncoding = 4; lastKnownFileType = sourcecode.c.objc; path = GCDAsyncUdpSocket.m; sourceTree = "<group>"; };
		22C3C67C1E63422300DDBD67 /* SCClient.swift */ = {isa = PBXFileReference; fileEncoding = 4; lastKnownFileType = sourcecode.swift; path = SCClient.swift; sourceTree = "<group>"; };
		22C3C67D1E63422300DDBD67 /* SCMessage.swift */ = {isa = PBXFileReference; fileEncoding = 4; lastKnownFileType = sourcecode.swift; path = SCMessage.swift; sourceTree = "<group>"; };
		22C3C67E1E63422300DDBD67 /* SCServer.swift */ = {isa = PBXFileReference; fileEncoding = 4; lastKnownFileType = sourcecode.swift; path = SCServer.swift; sourceTree = "<group>"; };
		22C3C6831E63430C00DDBD67 /* LedControl-Bridging-Header.h */ = {isa = PBXFileReference; lastKnownFileType = sourcecode.c.h; path = "LedControl-Bridging-Header.h"; sourceTree = "<group>"; };
/* End PBXFileReference section */

/* Begin PBXFrameworksBuildPhase section */
		22B2905D1E4C9EB200CAB887 /* Frameworks */ = {
			isa = PBXFrameworksBuildPhase;
			buildActionMask = 2147483647;
			files = (
			);
			runOnlyForDeploymentPostprocessing = 0;
		};
/* End PBXFrameworksBuildPhase section */

/* Begin PBXGroup section */
		22B290571E4C9EB200CAB887 = {
			isa = PBXGroup;
			children = (
				22B290621E4C9EB300CAB887 /* LedControl */,
				22B290611E4C9EB300CAB887 /* Products */,
			);
			sourceTree = "<group>";
		};
		22B290611E4C9EB300CAB887 /* Products */ = {
			isa = PBXGroup;
			children = (
				22B290601E4C9EB300CAB887 /* LedControl.app */,
			);
			name = Products;
			sourceTree = "<group>";
		};
		22B290621E4C9EB300CAB887 /* LedControl */ = {
			isa = PBXGroup;
			children = (
				22C3C6791E63420400DDBD67 /* SwiftCoAP_Library */,
				22B290631E4C9EB300CAB887 /* AppDelegate.swift */,
				22B290651E4C9EB300CAB887 /* ViewController.swift */,
				22B290671E4C9EB300CAB887 /* Main.storyboard */,
				22B2906A1E4C9EB300CAB887 /* Assets.xcassets */,
				22B2906C1E4C9EB300CAB887 /* LaunchScreen.storyboard */,
				22B2906F1E4C9EB300CAB887 /* Info.plist */,
				22C3C6831E63430C00DDBD67 /* LedControl-Bridging-Header.h */,
			);
			path = LedControl;
			sourceTree = "<group>";
		};
		22C3C6791E63420400DDBD67 /* SwiftCoAP_Library */ = {
			isa = PBXGroup;
			children = (
				22C3C67A1E63422300DDBD67 /* GCDAsyncUdpSocket.h */,
				22C3C67B1E63422300DDBD67 /* GCDAsyncUdpSocket.m */,
				22C3C67C1E63422300DDBD67 /* SCClient.swift */,
				22C3C67D1E63422300DDBD67 /* SCMessage.swift */,
				22C3C67E1E63422300DDBD67 /* SCServer.swift */,
			);
			name = SwiftCoAP_Library;
			path = SwiftCoAP/SwiftCoAP_Library;
			sourceTree = "<group>";
		};
/* End PBXGroup section */

/* Begin PBXNativeTarget section */
		22B2905F1E4C9EB200CAB887 /* LedControl */ = {
			isa = PBXNativeTarget;
			buildConfigurationList = 22B290721E4C9EB300CAB887 /* Build configuration list for PBXNativeTarget "LedControl" */;
			buildPhases = (
				22B2905C1E4C9EB200CAB887 /* Sources */,
				22B2905D1E4C9EB200CAB887 /* Frameworks */,
				22B2905E1E4C9EB200CAB887 /* Resources */,
			);
			buildRules = (
			);
			dependencies = (
			);
			name = LedControl;
			productName = LedControl;
			productReference = 22B290601E4C9EB300CAB887 /* LedControl.app */;
			productType = "com.apple.product-type.application";
		};
/* End PBXNativeTarget section */

/* Begin PBXProject section */
		22B290581E4C9EB200CAB887 /* Project object */ = {
			isa = PBXProject;
			attributes = {
				LastSwiftUpdateCheck = 0820;
				LastUpgradeCheck = 0820;
				ORGANIZATIONNAME = "Sam Leitch";
				TargetAttributes = {
					22B2905F1E4C9EB200CAB887 = {
						CreatedOnToolsVersion = 8.2.1;
						LastSwiftMigration = 0820;
						ProvisioningStyle = Automatic;
					};
				};
			};
			buildConfigurationList = 22B2905B1E4C9EB200CAB887 /* Build configuration list for PBXProject "LedControl" */;
			compatibilityVersion = "Xcode 3.2";
			developmentRegion = English;
			hasScannedForEncodings = 0;
			knownRegions = (
				en,
				Base,
			);
			mainGroup = 22B290571E4C9EB200CAB887;
			productRefGroup = 22B290611E4C9EB300CAB887 /* Products */;
			projectDirPath = "";
			projectRoot = "";
			targets = (
				22B2905F1E4C9EB200CAB887 /* LedControl */,
			);
		};
/* End PBXProject section */

/* Begin PBXResourcesBuildPhase section */
		22B2905E1E4C9EB200CAB887 /* Resources */ = {
			isa = PBXResourcesBuildPhase;
			buildActionMask = 2147483647;
			files = (
				22B2906E1E4C9EB300CAB887 /* LaunchScreen.storyboard in Resources */,
				22B2906B1E4C9EB300CAB887 /* Assets.xcassets in Resources */,
				22B290691E4C9EB300CAB887 /* Main.storyboard in Resources */,
			);
			runOnlyForDeploymentPostprocessing = 0;
		};
/* End PBXResourcesBuildPhase section */

/* Begin PBXSourcesBuildPhase section */
		22B2905C1E4C9EB200CAB887 /* Sources */ = {
			isa = PBXSourcesBuildPhase;
			buildActionMask = 2147483647;
			files = (
				22B290661E4C9EB300CAB887 /* ViewController.swift in Sources */,
				22C3C67F1E63422300DDBD67 /* GCDAsyncUdpSocket.m in Sources */,
				22C3C6811E63422300DDBD67 /* SCMessage.swift in Sources */,
				22C3C6801E63422300DDBD67 /* SCClient.swift in Sources */,
				22C3C6821E63422300DDBD67 /* SCServer.swift in Sources */,
				22B290641E4C9EB300CAB887 /* AppDelegate.swift in Sources */,
			);
			runOnlyForDeploymentPostprocessing = 0;
		};
/* End PBXSourcesBuildPhase section */

/* Begin PBXVariantGroup section */
		22B290671E4C9EB300CAB887 /* Main.storyboard */ = {
			isa = PBXVariantGroup;
			children = (
				22B290681E4C9EB300CAB887 /* Base */,
			);
			name = Main.storyboard;
			sourceTree = "<group>";
		};
		22B2906C1E4C9EB300CAB887 /* LaunchScreen.storyboard */ = {
			isa = PBXVariantGroup;
			children = (
				22B2906D1E4C9EB300CAB887 /* Base */,
			);
			name = LaunchScreen.storyboard;
			sourceTree = "<group>";
		};
/* End PBXVariantGroup section */

/* Begin XCBuildConfiguration section */
		22B290701E4C9EB300CAB887 /* Debug */ = {
			isa = XCBuildConfiguration;
			buildSettings = {
				ALWAYS_SEARCH_USER_PATHS = NO;
				CLANG_ANALYZER_NONNULL = YES;
				CLANG_CXX_LANGUAGE_STANDARD = "gnu++0x";
				CLANG_CXX_LIBRARY = "libc++";
				CLANG_ENABLE_MODULES = YES;
				CLANG_ENABLE_OBJC_ARC = YES;
				CLANG_WARN_BOOL_CONVERSION = YES;
				CLANG_WARN_CONSTANT_CONVERSION = YES;
				CLANG_WARN_DIRECT_OBJC_ISA_USAGE = YES_ERROR;
				CLANG_WARN_DOCUMENTATION_COMMENTS = YES;
				CLANG_WARN_EMPTY_BODY = YES;
				CLANG_WARN_ENUM_CONVERSION = YES;
				CLANG_WARN_INFINITE_RECURSION = YES;
				CLANG_WARN_INT_CONVERSION = YES;
				CLANG_WARN_OBJC_ROOT_CLASS = YES_ERROR;
				CLANG_WARN_SUSPICIOUS_MOVE = YES;
				CLANG_WARN_UNREACHABLE_CODE = YES;
				CLANG_WARN__DUPLICATE_METHOD_MATCH = YES;
				COPY_PHASE_STRIP = NO;
				DEBUG_INFORMATION_FORMAT = dwarf;
				ENABLE_STRICT_OBJC_MSGSEND = YES;
				ENABLE_TESTABILITY = YES;
				GCC_C_LANGUAGE_STANDARD = gnu99;
				GCC_DYNAMIC_NO_PIC = NO;
				GCC_NO_COMMON_BLOCKS = YES;
				GCC_OPTIMIZATION_LEVEL = 0;
				GCC_PREPROCESSOR_DEFINITIONS = (
					"DEBUG=1",
					"$(inherited)",
				);
				GCC_WARN_64_TO_32_BIT_CONVERSION = YES;
				GCC_WARN_ABOUT_RETURN_TYPE = YES_ERROR;
				GCC_WARN_UNDECLARED_SELECTOR = YES;
				GCC_WARN_UNINITIALIZED_AUTOS = YES_AGGRESSIVE;
				GCC_WARN_UNUSED_FUNCTION = YES;
				GCC_WARN_UNUSED_VARIABLE = YES;
				IPHONEOS_DEPLOYMENT_TARGET = 10.2;
				MTL_ENABLE_DEBUG_INFO = YES;
				ONLY_ACTIVE_ARCH = YES;
				SDKROOT = iphoneos;
				SWIFT_ACTIVE_COMPILATION_CONDITIONS = DEBUG;
				SWIFT_OPTIMIZATION_LEVEL = "-Onone";
			};
			name = Debug;
		};
		22B290711E4C9EB300CAB887 /* Release */ = {
			isa = XCBuildConfiguration;
			buildSettings = {
				ALWAYS_SEARCH_USER_PATHS = NO;
				CLANG_ANALYZER_NONNULL = YES;
				CLANG_CXX_LANGUAGE_STANDARD = "gnu++0x";
				CLANG_CXX_LIBRARY = "libc++";
				CLANG_ENABLE_MODULES = YES;
				CLANG_ENABLE_OBJC_ARC = YES;
				CLANG_WARN_BOOL_CONVERSION = YES;
				CLANG_WARN_CONSTANT_CONVERSION = YES;
				CLANG_WARN_DIRECT_OBJC_ISA_USAGE = YES_ERROR;
				CLANG_WARN_DOCUMENTATION_COMMENTS = YES;
				CLANG_WARN_EMPTY_BODY = YES;
				CLANG_WARN_ENUM_CONVERSION = YES;
				CLANG_WARN_INFINITE_RECURSION = YES;
				CLANG_WARN_INT_CONVERSION = YES;
				CLANG_WARN_OBJC_ROOT_CLASS = YES_ERROR;
				CLANG_WARN_SUSPICIOUS_MOVE = YES;
				CLANG_WARN_UNREACHABLE_CODE = YES;
				CLANG_WARN__DUPLICATE_METHOD_MATCH = YES;
				COPY_PHASE_STRIP = NO;
				DEBUG_INFORMATION_FORMAT = "dwarf-with-dsym";
				ENABLE_NS_ASSERTIONS = NO;
				ENABLE_STRICT_OBJC_MSGSEND = YES;
				GCC_C_LANGUAGE_STANDARD = gnu99;
				GCC_NO_COMMON_BLOCKS = YES;
				GCC_WARN_64_TO_32_BIT_CONVERSION = YES;
				GCC_WARN_ABOUT_RETURN_TYPE = YES_ERROR;
				GCC_WARN_UNDECLARED_SELECTOR = YES;
				GCC_WARN_UNINITIALIZED_AUTOS = YES_AGGRESSIVE;
				GCC_WARN_UNUSED_FUNCTION = YES;
				GCC_WARN_UNUSED_VARIABLE = YES;
				IPHONEOS_DEPLOYMENT_TARGET = 10.2;
				MTL_ENABLE_DEBUG_INFO = NO;
				SDKROOT = iphoneos;
				SWIFT_OPTIMIZATION_LEVEL = "-Owholemodule";
				VALIDATE_PRODUCT = YES;
			};
			name = Release;
		};
		22B290731E4C9EB300CAB887 /* Debug */ = {
			isa = XCBuildConfiguration;
			buildSettings = {
				ASSETCATALOG_COMPILER_APPICON_NAME = AppIcon;
				CLANG_ENABLE_MODULES = YES;
				"CODE_SIGN_IDENTITY[sdk=iphoneos*]" = "iPhone Developer";
				DEVELOPMENT_TEAM = "";
				INFOPLIST_FILE = LedControl/Info.plist;
				LD_RUNPATH_SEARCH_PATHS = "$(inherited) @executable_path/Frameworks";
				PRODUCT_BUNDLE_IDENTIFIER = Luceva.net.LedControl;
				PRODUCT_NAME = "$(TARGET_NAME)";
				SWIFT_OBJC_BRIDGING_HEADER = "LedControl/LedControl-Bridging-Header.h";
				SWIFT_OPTIMIZATION_LEVEL = "-Onone";
				SWIFT_VERSION = 3.0;
			};
			name = Debug;
		};
		22B290741E4C9EB300CAB887 /* Release */ = {
			isa = XCBuildConfiguration;
			buildSettings = {
				ASSETCATALOG_COMPILER_APPICON_NAME = AppIcon;
				CLANG_ENABLE_MODULES = YES;
				"CODE_SIGN_IDENTITY[sdk=iphoneos*]" = "iPhone Developer";
				DEVELOPMENT_TEAM = "";
				INFOPLIST_FILE = LedControl/Info.plist;
				LD_RUNPATH_SEARCH_PATHS = "$(inherited) @executable_path/Frameworks";
				PRODUCT_BUNDLE_IDENTIFIER = Luceva.net.LedControl;
				PRODUCT_NAME = "$(TARGET_NAME)";
				SWIFT_OBJC_BRIDGING_HEADER = "LedControl/LedControl-Bridging-Header.h";
				SWIFT_VERSION = 3.0;
			};
			name = Release;
		};
/* End XCBuildConfiguration section */

/* Begin XCConfigurationList section */
		22B2905B1E4C9EB200CAB887 /* Build configuration list for PBXProject "LedControl" */ = {
			isa = XCConfigurationList;
			buildConfigurations = (
				22B290701E4C9EB300CAB887 /* Debug */,
				22B290711E4C9EB300CAB887 /* Release */,
			);
			defaultConfigurationIsVisible = 0;
			defaultConfigurationName = Release;
		};
		22B290721E4C9EB300CAB887 /* Build configuration list for PBXNativeTarget "LedControl" */ = {
			isa = XCConfigurationList;
			buildConfigurations = (
				22B290731E4C9EB300CAB887 /* Debug */,
				22B290741E4C9EB300CAB887 /* Release */,
			);
			defaultConfigurationIsVisible = 0;
			defaultConfigurationName = Release;
		};
/* End XCConfigurationList section */
	};
	rootObject = 22B290581E4C9EB200CAB887 /* Project object */;
}
